// !$*UTF8*$!
{
	archiveVersion = 1;
	classes = {
	};
	objectVersion = 46;
	objects = {

/* Begin PBXBuildFile section */
		27AFDFB81DA2989900253388 /* AppDelegate.swift in Sources */ = {isa = PBXBuildFile; fileRef = 27AFDFB71DA2989900253388 /* AppDelegate.swift */; };
		27AFDFBA1DA2989900253388 /* ViewController.swift in Sources */ = {isa = PBXBuildFile; fileRef = 27AFDFB91DA2989900253388 /* ViewController.swift */; };
		27AFDFBD1DA2989900253388 /* Main.storyboard in Resources */ = {isa = PBXBuildFile; fileRef = 27AFDFBB1DA2989900253388 /* Main.storyboard */; };
		27AFDFBF1DA2989900253388 /* Assets.xcassets in Resources */ = {isa = PBXBuildFile; fileRef = 27AFDFBE1DA2989900253388 /* Assets.xcassets */; };
		27AFDFC21DA2989900253388 /* LaunchScreen.storyboard in Resources */ = {isa = PBXBuildFile; fileRef = 27AFDFC01DA2989900253388 /* LaunchScreen.storyboard */; };
		27AFDFCC1DA2999800253388 /* UpdatedViewController.swift in Sources */ = {isa = PBXBuildFile; fileRef = 27AFDFCB1DA2999800253388 /* UpdatedViewController.swift */; };
/* End PBXBuildFile section */

/* Begin PBXFileReference section */
		27AFDFB41DA2989900253388 /* Transistions.app */ = {isa = PBXFileReference; explicitFileType = wrapper.application; includeInIndex = 0; path = Transistions.app; sourceTree = BUILT_PRODUCTS_DIR; };
		27AFDFB71DA2989900253388 /* AppDelegate.swift */ = {isa = PBXFileReference; lastKnownFileType = sourcecode.swift; path = AppDelegate.swift; sourceTree = "<group>"; };
		27AFDFB91DA2989900253388 /* ViewController.swift */ = {isa = PBXFileReference; lastKnownFileType = sourcecode.swift; path = ViewController.swift; sourceTree = "<group>"; };
		27AFDFBC1DA2989900253388 /* Base */ = {isa = PBXFileReference; lastKnownFileType = file.storyboard; name = Base; path = Base.lproj/Main.storyboard; sourceTree = "<group>"; };
		27AFDFBE1DA2989900253388 /* Assets.xcassets */ = {isa = PBXFileReference; lastKnownFileType = folder.assetcatalog; path = Assets.xcassets; sourceTree = "<group>"; };
		27AFDFC11DA2989900253388 /* Base */ = {isa = PBXFileReference; lastKnownFileType = file.storyboard; name = Base; path = Base.lproj/LaunchScreen.storyboard; sourceTree = "<group>"; };
		27AFDFC31DA2989900253388 /* Info.plist */ = {isa = PBXFileReference; lastKnownFileType = text.plist.xml; path = Info.plist; sourceTree = "<group>"; };
		27AFDFCB1DA2999800253388 /* UpdatedViewController.swift */ = {isa = PBXFileReference; fileEncoding = 4; lastKnownFileType = sourcecode.swift; path = UpdatedViewController.swift; sourceTree = "<group>"; };
/* End PBXFileReference section */

/* Begin PBXFrameworksBuildPhase section */
		27AFDFB11DA2989900253388 /* Frameworks */ = {
			isa = PBXFrameworksBuildPhase;
			buildActionMask = 2147483647;
			files = (
			);
			runOnlyForDeploymentPostprocessing = 0;
		};
/* End PBXFrameworksBuildPhase section */

/* Begin PBXGroup section */
		27AFDFAB1DA2989900253388 = {
			isa = PBXGroup;
			children = (
				27AFDFB61DA2989900253388 /* Transistions */,
				27AFDFB51DA2989900253388 /* Products */,
			);
			sourceTree = "<group>";
		};
		27AFDFB51DA2989900253388 /* Products */ = {
			isa = PBXGroup;
			children = (
				27AFDFB41DA2989900253388 /* Transistions.app */,
			);
			name = Products;
			sourceTree = "<group>";
		};
		27AFDFB61DA2989900253388 /* Transistions */ = {
			isa = PBXGroup;
			children = (
				27AFDFCA1DA298CA00253388 /* Vew */,
				27AFDFC91DA298BE00253388 /* Controller */,
				27AFDFBE1DA2989900253388 /* Assets.xcassets */,
				27AFDFC31DA2989900253388 /* Info.plist */,
			);
			path = Transistions;
			sourceTree = "<group>";
		};
		27AFDFC91DA298BE00253388 /* Controller */ = {
			isa = PBXGroup;
			children = (
				27AFDFB71DA2989900253388 /* AppDelegate.swift */,
				27AFDFB91DA2989900253388 /* ViewController.swift */,
				27AFDFCB1DA2999800253388 /* UpdatedViewController.swift */,
			);
			name = Controller;
			sourceTree = "<group>";
		};
		27AFDFCA1DA298CA00253388 /* Vew */ = {
			isa = PBXGroup;
			children = (
				27AFDFBB1DA2989900253388 /* Main.storyboard */,
				27AFDFC01DA2989900253388 /* LaunchScreen.storyboard */,
			);
			name = Vew;
			sourceTree = "<group>";
		};
/* End PBXGroup section */

/* Begin PBXNativeTarget section */
		27AFDFB31DA2989900253388 /* Transistions */ = {
			isa = PBXNativeTarget;
			buildConfigurationList = 27AFDFC61DA2989900253388 /* Build configuration list for PBXNativeTarget "Transistions" */;
			buildPhases = (
				27AFDFB01DA2989900253388 /* Sources */,
				27AFDFB11DA2989900253388 /* Frameworks */,
				27AFDFB21DA2989900253388 /* Resources */,
			);
			buildRules = (
			);
			dependencies = (
			);
			name = Transistions;
			productName = Transistions;
			productReference = 27AFDFB41DA2989900253388 /* Transistions.app */;
			productType = "com.apple.product-type.application";
		};
/* End PBXNativeTarget section */

/* Begin PBXProject section */
		27AFDFAC1DA2989900253388 /* Project object */ = {
			isa = PBXProject;
			attributes = {
				LastSwiftUpdateCheck = 0720;
				LastUpgradeCheck = 0720;
				ORGANIZATIONNAME = "Hatchell, Kadin";
				TargetAttributes = {
					27AFDFB31DA2989900253388 = {
						CreatedOnToolsVersion = 7.2;
					};
				};
			};
			buildConfigurationList = 27AFDFAF1DA2989900253388 /* Build configuration list for PBXProject "Transistions" */;
			compatibilityVersion = "Xcode 3.2";
			developmentRegion = English;
			hasScannedForEncodings = 0;
			knownRegions = (
				en,
				Base,
			);
			mainGroup = 27AFDFAB1DA2989900253388;
			productRefGroup = 27AFDFB51DA2989900253388 /* Products */;
			projectDirPath = "";
			projectRoot = "";
			targets = (
				27AFDFB31DA2989900253388 /* Transistions */,
			);
		};
/* End PBXProject section */

/* Begin PBXResourcesBuildPhase section */
		27AFDFB21DA2989900253388 /* Resources */ = {
			isa = PBXResourcesBuildPhase;
			buildActionMask = 2147483647;
			files = (
				27AFDFC21DA2989900253388 /* LaunchScreen.storyboard in Resources */,
				27AFDFBF1DA2989900253388 /* Assets.xcassets in Resources */,
				27AFDFBD1DA2989900253388 /* Main.storyboard in Resources */,
			);
			runOnlyForDeploymentPostprocessing = 0;
		};
/* End PBXResourcesBuildPhase section */

/* Begin PBXSourcesBuildPhase section */
		27AFDFB01DA2989900253388 /* Sources */ = {
			isa = PBXSourcesBuildPhase;
			buildActionMask = 2147483647;
			files = (
				27AFDFCC1DA2999800253388 /* UpdatedViewController.swift in Sources */,
				27AFDFBA1DA2989900253388 /* ViewController.swift in Sources */,
				27AFDFB81DA2989900253388 /* AppDelegate.swift in Sources */,
			);
			runOnlyForDeploymentPostprocessing = 0;
		};
/* End PBXSourcesBuildPhase section */

/* Begin PBXVariantGroup section */
		27AFDFBB1DA2989900253388 /* Main.storyboard */ = {
			isa = PBXVariantGroup;
			children = (
				27AFDFBC1DA2989900253388 /* Base */,
			);
			name = Main.storyboard;
			sourceTree = "<group>";
		};
		27AFDFC01DA2989900253388 /* LaunchScreen.storyboard */ = {
			isa = PBXVariantGroup;
			children = (
				27AFDFC11DA2989900253388 /* Base */,
			);
			name = LaunchScreen.storyboard;
			sourceTree = "<group>";
		};
/* End PBXVariantGroup section */

/* Begin XCBuildConfiguration section */
		27AFDFC41DA2989900253388 /* Debug */ = {
			isa = XCBuildConfiguration;
			buildSettings = {
				ALWAYS_SEARCH_USER_PATHS = NO;
				CLANG_CXX_LANGUAGE_STANDARD = "gnu++0x";
				CLANG_CXX_LIBRARY = "libc++";
				CLANG_ENABLE_MODULES = YES;
				CLANG_ENABLE_OBJC_ARC = YES;
				CLANG_WARN_BOOL_CONVERSION = YES;
				CLANG_WARN_CONSTANT_CONVERSION = YES;
				CLANG_WARN_DIRECT_OBJC_ISA_USAGE = YES_ERROR;
				CLANG_WARN_EMPTY_BODY = YES;
				CLANG_WARN_ENUM_CONVERSION = YES;
				CLANG_WARN_INT_CONVERSION = YES;
				CLANG_WARN_OBJC_ROOT_CLASS = YES_ERROR;
				CLANG_WARN_UNREACHABLE_CODE = YES;
				CLANG_WARN__DUPLICATE_METHOD_MATCH = YES;
				"CODE_SIGN_IDENTITY[sdk=iphoneos*]" = "iPhone Developer";
				COPY_PHASE_STRIP = NO;
				DEBUG_INFORMATION_FORMAT = dwarf;
				ENABLE_STRICT_OBJC_MSGSEND = YES;
				ENABLE_TESTABILITY = YES;
				GCC_C_LANGUAGE_STANDARD = gnu99;
				GCC_DYNAMIC_NO_PIC = NO;
				GCC_NO_COMMON_BLOCKS = YES;
				GCC_OPTIMIZATION_LEVEL = 0;
				GCC_PREPROCESSOR_DEFINITIONS = (
					"DEBUG=1",
					"$(inherited)",
				);
				GCC_WARN_64_TO_32_BIT_CONVERSION = YES;
				GCC_WARN_ABOUT_RETURN_TYPE = YES_ERROR;
				GCC_WARN_UNDECLARED_SELECTOR = YES;
				GCC_WARN_UNINITIALIZED_AUTOS = YES_AGGRESSIVE;
				GCC_WARN_UNUSED_FUNCTION = YES;
				GCC_WARN_UNUSED_VARIABLE = YES;
				IPHONEOS_DEPLOYMENT_TARGET = 9.2;
				MTL_ENABLE_DEBUG_INFO = YES;
				ONLY_ACTIVE_ARCH = YES;
				SDKROOT = iphoneos;
				SWIFT_OPTIMIZATION_LEVEL = "-Onone";
				TARGETED_DEVICE_FAMILY = "1,2";
			};
			name = Debug;
		};
		27AFDFC51DA2989900253388 /* Release */ = {
			isa = XCBuildConfiguration;
			buildSettings = {
				ALWAYS_SEARCH_USER_PATHS = NO;
				CLANG_CXX_LANGUAGE_STANDARD = "gnu++0x";
				CLANG_CXX_LIBRARY = "libc++";
				CLANG_ENABLE_MODULES = YES;
				CLANG_ENABLE_OBJC_ARC = YES;
				CLANG_WARN_BOOL_CONVERSION = YES;
				CLANG_WARN_CONSTANT_CONVERSION = YES;
				CLANG_WARN_DIRECT_OBJC_ISA_USAGE = YES_ERROR;
				CLANG_WARN_EMPTY_BODY = YES;
				CLANG_WARN_ENUM_CONVERSION = YES;
				CLANG_WARN_INT_CONVERSION = YES;
				CLANG_WARN_OBJC_ROOT_CLASS = YES_ERROR;
				CLANG_WARN_UNREACHABLE_CODE = YES;
				CLANG_WARN__DUPLICATE_METHOD_MATCH = YES;
				"CODE_SIGN_IDENTITY[sdk=iphoneos*]" = "iPhone Developer";
				COPY_PHASE_STRIP = NO;
				DEBUG_INFORMATION_FORMAT = "dwarf-with-dsym";
				ENABLE_NS_ASSERTIONS = NO;
				ENABLE_STRICT_OBJC_MSGSEND = YES;
				GCC_C_LANGUAGE_STANDARD = gnu99;
				GCC_NO_COMMON_BLOCKS = YES;
				GCC_WARN_64_TO_32_BIT_CONVERSION = YES;
				GCC_WARN_ABOUT_RETURN_TYPE = YES_ERROR;
				GCC_WARN_UNDECLARED_SELECTOR = YES;
				GCC_WARN_UNINITIALIZED_AUTOS = YES_AGGRESSIVE;
				GCC_WARN_UNUSED_FUNCTION = YES;
				GCC_WARN_UNUSED_VARIABLE = YES;
				IPHONEOS_DEPLOYMENT_TARGET = 9.2;
				MTL_ENABLE_DEBUG_INFO = NO;
				SDKROOT = iphoneos;
				TARGETED_DEVICE_FAMILY = "1,2";
				VALIDATE_PRODUCT = YES;
			};
			name = Release;
		};
		27AFDFC71DA2989900253388 /* Debug */ = {
			isa = XCBuildConfiguration;
			buildSettings = {
				ASSETCATALOG_COMPILER_APPICON_NAME = AppIcon;
				INFOPLIST_FILE = Transistions/Info.plist;
				LD_RUNPATH_SEARCH_PATHS = "$(inherited) @executable_path/Frameworks";
				PRODUCT_BUNDLE_IDENTIFIER = Ctec.Transistions;
				PRODUCT_NAME = "$(TARGET_NAME)";
			};
			name = Debug;
		};
		27AFDFC81DA2989900253388 /* Release */ = {
			isa = XCBuildConfiguration;
			buildSettings = {
				ASSETCATALOG_COMPILER_APPICON_NAME = AppIcon;
				INFOPLIST_FILE = Transistions/Info.plist;
				LD_RUNPATH_SEARCH_PATHS = "$(inherited) @executable_path/Frameworks";
				PRODUCT_BUNDLE_IDENTIFIER = Ctec.Transistions;
				PRODUCT_NAME = "$(TARGET_NAME)";
			};
			name = Release;
		};
/* End XCBuildConfiguration section */

/* Begin XCConfigurationList section */
		27AFDFAF1DA2989900253388 /* Build configuration list for PBXProject "Transistions" */ = {
			isa = XCConfigurationList;
			buildConfigurations = (
				27AFDFC41DA2989900253388 /* Debug */,
				27AFDFC51DA2989900253388 /* Release */,
			);
			defaultConfigurationIsVisible = 0;
			defaultConfigurationName = Release;
		};
		27AFDFC61DA2989900253388 /* Build configuration list for PBXNativeTarget "Transistions" */ = {
			isa = XCConfigurationList;
			buildConfigurations = (
				27AFDFC71DA2989900253388 /* Debug */,
				27AFDFC81DA2989900253388 /* Release */,
			);
			defaultConfigurationIsVisible = 0;
		};
/* End XCConfigurationList section */
	};
	rootObject = 27AFDFAC1DA2989900253388 /* Project object */;
}
